// !$*UTF8*$!
{
	archiveVersion = 1;
	classes = {
	};
	objectVersion = 56;
	objects = {

/* Begin PBXBuildFile section */
		9A671498263DF878FC2F6016 /* Pods_Spotify.framework in Frameworks */ = {isa = PBXBuildFile; fileRef = 0AA09F42F5DFD15D4F0ABB92 /* Pods_Spotify.framework */; };
		C120BE2B2B38F4430092CF37 /* TitleHeaderCollectionReusableView.swift in Sources */ = {isa = PBXBuildFile; fileRef = C120BE2A2B38F4430092CF37 /* TitleHeaderCollectionReusableView.swift */; };
		C120BE2D2B3925ED0092CF37 /* AlbumTrackCollectionViewCell.swift in Sources */ = {isa = PBXBuildFile; fileRef = C120BE2C2B3925ED0092CF37 /* AlbumTrackCollectionViewCell.swift */; };
		C120BE2F2B3927640092CF37 /* AlbumCollectionViewCellViewModel.swift in Sources */ = {isa = PBXBuildFile; fileRef = C120BE2E2B3927640092CF37 /* AlbumCollectionViewCellViewModel.swift */; };
		C120BE312B3932E00092CF37 /* CategoryCollectionViewCell.swift in Sources */ = {isa = PBXBuildFile; fileRef = C120BE302B3932E00092CF37 /* CategoryCollectionViewCell.swift */; };
		C120BE332B393B3D0092CF37 /* AllCategoriesResponse.swift in Sources */ = {isa = PBXBuildFile; fileRef = C120BE322B393B3D0092CF37 /* AllCategoriesResponse.swift */; };
		C120BE352B393EF40092CF37 /* CategoryCollectionViewCellViewModel.swift in Sources */ = {isa = PBXBuildFile; fileRef = C120BE342B393EF40092CF37 /* CategoryCollectionViewCellViewModel.swift */; };
		C120BE372B3941760092CF37 /* CategoryViewController.swift in Sources */ = {isa = PBXBuildFile; fileRef = C120BE362B3941760092CF37 /* CategoryViewController.swift */; };
		C1382AB22B253D23005508DA /* APIImage.swift in Sources */ = {isa = PBXBuildFile; fileRef = C1382AB12B253D23005508DA /* APIImage.swift */; };
		C1382AB42B253E7C005508DA /* NewReleasesResponse.swift in Sources */ = {isa = PBXBuildFile; fileRef = C1382AB32B253E7C005508DA /* NewReleasesResponse.swift */; };
		C1382AB62B254421005508DA /* RecommendedGenresResponse.swift in Sources */ = {isa = PBXBuildFile; fileRef = C1382AB52B254421005508DA /* RecommendedGenresResponse.swift */; };
		C1382AB82B254C05005508DA /* RecommendationsResponse.swift in Sources */ = {isa = PBXBuildFile; fileRef = C1382AB72B254C05005508DA /* RecommendationsResponse.swift */; };
		C1382ABA2B254E0E005508DA /* FeaturedPlaylistsResponse.swift in Sources */ = {isa = PBXBuildFile; fileRef = C1382AB92B254E0E005508DA /* FeaturedPlaylistsResponse.swift */; };
		C1382ABD2B2573D0005508DA /* NewReleaseCollectionViewCell.swift in Sources */ = {isa = PBXBuildFile; fileRef = C1382ABC2B2573D0005508DA /* NewReleaseCollectionViewCell.swift */; };
		C1382ABF2B2573FE005508DA /* FeaturedPlaylistCollectionViewCell.swift in Sources */ = {isa = PBXBuildFile; fileRef = C1382ABE2B2573FE005508DA /* FeaturedPlaylistCollectionViewCell.swift */; };
		C1382AC12B257430005508DA /* RecommendedTrackCollectionViewCell.swift in Sources */ = {isa = PBXBuildFile; fileRef = C1382AC02B257430005508DA /* RecommendedTrackCollectionViewCell.swift */; };
		C1382AC32B257620005508DA /* NewReleasesCellViewModel.swift in Sources */ = {isa = PBXBuildFile; fileRef = C1382AC22B257620005508DA /* NewReleasesCellViewModel.swift */; };
		C1382AC52B258FB1005508DA /* FeaturedPlaylistCellViewModel.swift in Sources */ = {isa = PBXBuildFile; fileRef = C1382AC42B258FB1005508DA /* FeaturedPlaylistCellViewModel.swift */; };
		C1382AC72B258FF2005508DA /* RecommendedTrackCellViewModel.swift in Sources */ = {isa = PBXBuildFile; fileRef = C1382AC62B258FF2005508DA /* RecommendedTrackCellViewModel.swift */; };
		C1382ACB2B259D5E005508DA /* AlbumViewController.swift in Sources */ = {isa = PBXBuildFile; fileRef = C1382ACA2B259D5E005508DA /* AlbumViewController.swift */; };
		C1382ACD2B25A1E1005508DA /* AlbumDetailsResponse.swift in Sources */ = {isa = PBXBuildFile; fileRef = C1382ACC2B25A1E1005508DA /* AlbumDetailsResponse.swift */; };
		C1382AD02B25AC75005508DA /* PlaylistDetailsResponse.swift in Sources */ = {isa = PBXBuildFile; fileRef = C1382ACF2B25AC75005508DA /* PlaylistDetailsResponse.swift */; };
		C1382AD22B25C9D3005508DA /* PlaylistHeaderCollectionReusableView.swift in Sources */ = {isa = PBXBuildFile; fileRef = C1382AD12B25C9D3005508DA /* PlaylistHeaderCollectionReusableView.swift */; };
		C1382AD42B25D1A6005508DA /* PlayerHeaderViewModel.swift in Sources */ = {isa = PBXBuildFile; fileRef = C1382AD32B25D1A6005508DA /* PlayerHeaderViewModel.swift */; };
		C1A04EA82B24875D0027F44B /* AuthResponse.swift in Sources */ = {isa = PBXBuildFile; fileRef = C1A04EA72B24875D0027F44B /* AuthResponse.swift */; };
		C1A04EAA2B24A0260027F44B /* ProfileViewController.swift in Sources */ = {isa = PBXBuildFile; fileRef = C1A04EA92B24A0260027F44B /* ProfileViewController.swift */; };
		C1A04EAC2B24F0C20027F44B /* SettingsModels.swift in Sources */ = {isa = PBXBuildFile; fileRef = C1A04EAB2B24F0C20027F44B /* SettingsModels.swift */; };
		C1AA4CB62B20D14D0052AFB7 /* AppDelegate.swift in Sources */ = {isa = PBXBuildFile; fileRef = C1AA4CB52B20D14D0052AFB7 /* AppDelegate.swift */; };
		C1AA4CB82B20D14D0052AFB7 /* SceneDelegate.swift in Sources */ = {isa = PBXBuildFile; fileRef = C1AA4CB72B20D14D0052AFB7 /* SceneDelegate.swift */; };
		C1AA4CBA2B20D14D0052AFB7 /* HomeViewController.swift in Sources */ = {isa = PBXBuildFile; fileRef = C1AA4CB92B20D14D0052AFB7 /* HomeViewController.swift */; };
		C1AA4CBF2B20D14E0052AFB7 /* Assets.xcassets in Resources */ = {isa = PBXBuildFile; fileRef = C1AA4CBE2B20D14E0052AFB7 /* Assets.xcassets */; };
		C1AA4CC22B20D14E0052AFB7 /* LaunchScreen.storyboard in Resources */ = {isa = PBXBuildFile; fileRef = C1AA4CC02B20D14E0052AFB7 /* LaunchScreen.storyboard */; };
		C1AA4CD12B20D59E0052AFB7 /* TabBarViewController.swift in Sources */ = {isa = PBXBuildFile; fileRef = C1AA4CD02B20D59E0052AFB7 /* TabBarViewController.swift */; };
		C1AA4CD32B20D5C70052AFB7 /* SearchViewController.swift in Sources */ = {isa = PBXBuildFile; fileRef = C1AA4CD22B20D5C70052AFB7 /* SearchViewController.swift */; };
		C1AA4CD52B20D5E50052AFB7 /* LibraryViewController.swift in Sources */ = {isa = PBXBuildFile; fileRef = C1AA4CD42B20D5E50052AFB7 /* LibraryViewController.swift */; };
		C1AA4CD82B20D61B0052AFB7 /* AuthViewController.swift in Sources */ = {isa = PBXBuildFile; fileRef = C1AA4CD72B20D61B0052AFB7 /* AuthViewController.swift */; };
		C1AA4CDA2B20D6370052AFB7 /* WelcomeViewController.swift in Sources */ = {isa = PBXBuildFile; fileRef = C1AA4CD92B20D6370052AFB7 /* WelcomeViewController.swift */; };
		C1AA4CDD2B20D6500052AFB7 /* SettingsViewController.swift in Sources */ = {isa = PBXBuildFile; fileRef = C1AA4CDC2B20D6500052AFB7 /* SettingsViewController.swift */; };
		C1AA4CDF2B20D66E0052AFB7 /* PlayerViewController.swift in Sources */ = {isa = PBXBuildFile; fileRef = C1AA4CDE2B20D66E0052AFB7 /* PlayerViewController.swift */; };
		C1AA4CE12B20D67F0052AFB7 /* PlaylistViewController.swift in Sources */ = {isa = PBXBuildFile; fileRef = C1AA4CE02B20D67F0052AFB7 /* PlaylistViewController.swift */; };
		C1AA4CE32B20D68F0052AFB7 /* SearchResultsViewController.swift in Sources */ = {isa = PBXBuildFile; fileRef = C1AA4CE22B20D68F0052AFB7 /* SearchResultsViewController.swift */; };
		C1AA4CE52B20D6FB0052AFB7 /* AuthManager.swift in Sources */ = {isa = PBXBuildFile; fileRef = C1AA4CE42B20D6FB0052AFB7 /* AuthManager.swift */; };
		C1AA4CE72B20D70C0052AFB7 /* APICaller.swift in Sources */ = {isa = PBXBuildFile; fileRef = C1AA4CE62B20D70C0052AFB7 /* APICaller.swift */; };
		C1AA4CE92B20D71A0052AFB7 /* HapticsManager.swift in Sources */ = {isa = PBXBuildFile; fileRef = C1AA4CE82B20D71A0052AFB7 /* HapticsManager.swift */; };
		C1AA4CEB2B20D73D0052AFB7 /* Playlist.swift in Sources */ = {isa = PBXBuildFile; fileRef = C1AA4CEA2B20D73D0052AFB7 /* Playlist.swift */; };
		C1AA4CED2B20D7490052AFB7 /* AudioTrack.swift in Sources */ = {isa = PBXBuildFile; fileRef = C1AA4CEC2B20D7490052AFB7 /* AudioTrack.swift */; };
		C1AA4CEF2B20D7590052AFB7 /* Artist.swift in Sources */ = {isa = PBXBuildFile; fileRef = C1AA4CEE2B20D7590052AFB7 /* Artist.swift */; };
		C1AA4CF12B20D76A0052AFB7 /* UserProfile.swift in Sources */ = {isa = PBXBuildFile; fileRef = C1AA4CF02B20D76A0052AFB7 /* UserProfile.swift */; };
		C1AA4CF32B2137300052AFB7 /* Extensions.swift in Sources */ = {isa = PBXBuildFile; fileRef = C1AA4CF22B2137300052AFB7 /* Extensions.swift */; };
/* End PBXBuildFile section */

/* Begin PBXFileReference section */
		0AA09F42F5DFD15D4F0ABB92 /* Pods_Spotify.framework */ = {isa = PBXFileReference; explicitFileType = wrapper.framework; includeInIndex = 0; path = Pods_Spotify.framework; sourceTree = BUILT_PRODUCTS_DIR; };
		533EFC03E5C383010C43092C /* Pods-Spotify.release.xcconfig */ = {isa = PBXFileReference; includeInIndex = 1; lastKnownFileType = text.xcconfig; name = "Pods-Spotify.release.xcconfig"; path = "Target Support Files/Pods-Spotify/Pods-Spotify.release.xcconfig"; sourceTree = "<group>"; };
		C120BE2A2B38F4430092CF37 /* TitleHeaderCollectionReusableView.swift */ = {isa = PBXFileReference; lastKnownFileType = sourcecode.swift; path = TitleHeaderCollectionReusableView.swift; sourceTree = "<group>"; };
		C120BE2C2B3925ED0092CF37 /* AlbumTrackCollectionViewCell.swift */ = {isa = PBXFileReference; lastKnownFileType = sourcecode.swift; path = AlbumTrackCollectionViewCell.swift; sourceTree = "<group>"; };
		C120BE2E2B3927640092CF37 /* AlbumCollectionViewCellViewModel.swift */ = {isa = PBXFileReference; lastKnownFileType = sourcecode.swift; path = AlbumCollectionViewCellViewModel.swift; sourceTree = "<group>"; };
		C120BE302B3932E00092CF37 /* CategoryCollectionViewCell.swift */ = {isa = PBXFileReference; lastKnownFileType = sourcecode.swift; path = CategoryCollectionViewCell.swift; sourceTree = "<group>"; };
		C120BE322B393B3D0092CF37 /* AllCategoriesResponse.swift */ = {isa = PBXFileReference; lastKnownFileType = sourcecode.swift; path = AllCategoriesResponse.swift; sourceTree = "<group>"; };
		C120BE342B393EF40092CF37 /* CategoryCollectionViewCellViewModel.swift */ = {isa = PBXFileReference; lastKnownFileType = sourcecode.swift; path = CategoryCollectionViewCellViewModel.swift; sourceTree = "<group>"; };
		C120BE362B3941760092CF37 /* CategoryViewController.swift */ = {isa = PBXFileReference; lastKnownFileType = sourcecode.swift; path = CategoryViewController.swift; sourceTree = "<group>"; };
		C1382AB12B253D23005508DA /* APIImage.swift */ = {isa = PBXFileReference; lastKnownFileType = sourcecode.swift; path = APIImage.swift; sourceTree = "<group>"; };
		C1382AB32B253E7C005508DA /* NewReleasesResponse.swift */ = {isa = PBXFileReference; lastKnownFileType = sourcecode.swift; path = NewReleasesResponse.swift; sourceTree = "<group>"; };
		C1382AB52B254421005508DA /* RecommendedGenresResponse.swift */ = {isa = PBXFileReference; lastKnownFileType = sourcecode.swift; path = RecommendedGenresResponse.swift; sourceTree = "<group>"; };
		C1382AB72B254C05005508DA /* RecommendationsResponse.swift */ = {isa = PBXFileReference; lastKnownFileType = sourcecode.swift; path = RecommendationsResponse.swift; sourceTree = "<group>"; };
		C1382AB92B254E0E005508DA /* FeaturedPlaylistsResponse.swift */ = {isa = PBXFileReference; lastKnownFileType = sourcecode.swift; path = FeaturedPlaylistsResponse.swift; sourceTree = "<group>"; };
		C1382ABC2B2573D0005508DA /* NewReleaseCollectionViewCell.swift */ = {isa = PBXFileReference; lastKnownFileType = sourcecode.swift; path = NewReleaseCollectionViewCell.swift; sourceTree = "<group>"; };
		C1382ABE2B2573FE005508DA /* FeaturedPlaylistCollectionViewCell.swift */ = {isa = PBXFileReference; lastKnownFileType = sourcecode.swift; path = FeaturedPlaylistCollectionViewCell.swift; sourceTree = "<group>"; };
		C1382AC02B257430005508DA /* RecommendedTrackCollectionViewCell.swift */ = {isa = PBXFileReference; lastKnownFileType = sourcecode.swift; path = RecommendedTrackCollectionViewCell.swift; sourceTree = "<group>"; };
		C1382AC22B257620005508DA /* NewReleasesCellViewModel.swift */ = {isa = PBXFileReference; lastKnownFileType = sourcecode.swift; path = NewReleasesCellViewModel.swift; sourceTree = "<group>"; };
		C1382AC42B258FB1005508DA /* FeaturedPlaylistCellViewModel.swift */ = {isa = PBXFileReference; lastKnownFileType = sourcecode.swift; path = FeaturedPlaylistCellViewModel.swift; sourceTree = "<group>"; };
		C1382AC62B258FF2005508DA /* RecommendedTrackCellViewModel.swift */ = {isa = PBXFileReference; lastKnownFileType = sourcecode.swift; path = RecommendedTrackCellViewModel.swift; sourceTree = "<group>"; };
		C1382ACA2B259D5E005508DA /* AlbumViewController.swift */ = {isa = PBXFileReference; lastKnownFileType = sourcecode.swift; path = AlbumViewController.swift; sourceTree = "<group>"; };
		C1382ACC2B25A1E1005508DA /* AlbumDetailsResponse.swift */ = {isa = PBXFileReference; lastKnownFileType = sourcecode.swift; path = AlbumDetailsResponse.swift; sourceTree = "<group>"; };
		C1382ACF2B25AC75005508DA /* PlaylistDetailsResponse.swift */ = {isa = PBXFileReference; lastKnownFileType = sourcecode.swift; path = PlaylistDetailsResponse.swift; sourceTree = "<group>"; };
		C1382AD12B25C9D3005508DA /* PlaylistHeaderCollectionReusableView.swift */ = {isa = PBXFileReference; lastKnownFileType = sourcecode.swift; path = PlaylistHeaderCollectionReusableView.swift; sourceTree = "<group>"; };
		C1382AD32B25D1A6005508DA /* PlayerHeaderViewModel.swift */ = {isa = PBXFileReference; lastKnownFileType = sourcecode.swift; path = PlayerHeaderViewModel.swift; sourceTree = "<group>"; };
		C15A780FED5DF320BD38CF65 /* Pods-Spotify.debug.xcconfig */ = {isa = PBXFileReference; includeInIndex = 1; lastKnownFileType = text.xcconfig; name = "Pods-Spotify.debug.xcconfig"; path = "Target Support Files/Pods-Spotify/Pods-Spotify.debug.xcconfig"; sourceTree = "<group>"; };
		C1A04EA72B24875D0027F44B /* AuthResponse.swift */ = {isa = PBXFileReference; lastKnownFileType = sourcecode.swift; path = AuthResponse.swift; sourceTree = "<group>"; };
		C1A04EA92B24A0260027F44B /* ProfileViewController.swift */ = {isa = PBXFileReference; lastKnownFileType = sourcecode.swift; path = ProfileViewController.swift; sourceTree = "<group>"; };
		C1A04EAB2B24F0C20027F44B /* SettingsModels.swift */ = {isa = PBXFileReference; lastKnownFileType = sourcecode.swift; path = SettingsModels.swift; sourceTree = "<group>"; };
		C1AA4CB22B20D14D0052AFB7 /* Spotify.app */ = {isa = PBXFileReference; explicitFileType = wrapper.application; includeInIndex = 0; path = Spotify.app; sourceTree = BUILT_PRODUCTS_DIR; };
		C1AA4CB52B20D14D0052AFB7 /* AppDelegate.swift */ = {isa = PBXFileReference; lastKnownFileType = sourcecode.swift; path = AppDelegate.swift; sourceTree = "<group>"; };
		C1AA4CB72B20D14D0052AFB7 /* SceneDelegate.swift */ = {isa = PBXFileReference; lastKnownFileType = sourcecode.swift; path = SceneDelegate.swift; sourceTree = "<group>"; };
		C1AA4CB92B20D14D0052AFB7 /* HomeViewController.swift */ = {isa = PBXFileReference; lastKnownFileType = sourcecode.swift; path = HomeViewController.swift; sourceTree = "<group>"; };
		C1AA4CBE2B20D14E0052AFB7 /* Assets.xcassets */ = {isa = PBXFileReference; lastKnownFileType = folder.assetcatalog; path = Assets.xcassets; sourceTree = "<group>"; };
		C1AA4CC12B20D14E0052AFB7 /* Base */ = {isa = PBXFileReference; lastKnownFileType = file.storyboard; name = Base; path = Base.lproj/LaunchScreen.storyboard; sourceTree = "<group>"; };
		C1AA4CC32B20D14E0052AFB7 /* Info.plist */ = {isa = PBXFileReference; lastKnownFileType = text.plist.xml; path = Info.plist; sourceTree = "<group>"; };
		C1AA4CD02B20D59E0052AFB7 /* TabBarViewController.swift */ = {isa = PBXFileReference; lastKnownFileType = sourcecode.swift; path = TabBarViewController.swift; sourceTree = "<group>"; };
		C1AA4CD22B20D5C70052AFB7 /* SearchViewController.swift */ = {isa = PBXFileReference; lastKnownFileType = sourcecode.swift; path = SearchViewController.swift; sourceTree = "<group>"; };
		C1AA4CD42B20D5E50052AFB7 /* LibraryViewController.swift */ = {isa = PBXFileReference; lastKnownFileType = sourcecode.swift; path = LibraryViewController.swift; sourceTree = "<group>"; };
		C1AA4CD72B20D61B0052AFB7 /* AuthViewController.swift */ = {isa = PBXFileReference; lastKnownFileType = sourcecode.swift; path = AuthViewController.swift; sourceTree = "<group>"; };
		C1AA4CD92B20D6370052AFB7 /* WelcomeViewController.swift */ = {isa = PBXFileReference; lastKnownFileType = sourcecode.swift; path = WelcomeViewController.swift; sourceTree = "<group>"; };
		C1AA4CDC2B20D6500052AFB7 /* SettingsViewController.swift */ = {isa = PBXFileReference; lastKnownFileType = sourcecode.swift; path = SettingsViewController.swift; sourceTree = "<group>"; };
		C1AA4CDE2B20D66E0052AFB7 /* PlayerViewController.swift */ = {isa = PBXFileReference; lastKnownFileType = sourcecode.swift; path = PlayerViewController.swift; sourceTree = "<group>"; };
		C1AA4CE02B20D67F0052AFB7 /* PlaylistViewController.swift */ = {isa = PBXFileReference; lastKnownFileType = sourcecode.swift; path = PlaylistViewController.swift; sourceTree = "<group>"; };
		C1AA4CE22B20D68F0052AFB7 /* SearchResultsViewController.swift */ = {isa = PBXFileReference; lastKnownFileType = sourcecode.swift; path = SearchResultsViewController.swift; sourceTree = "<group>"; };
		C1AA4CE42B20D6FB0052AFB7 /* AuthManager.swift */ = {isa = PBXFileReference; lastKnownFileType = sourcecode.swift; path = AuthManager.swift; sourceTree = "<group>"; };
		C1AA4CE62B20D70C0052AFB7 /* APICaller.swift */ = {isa = PBXFileReference; lastKnownFileType = sourcecode.swift; path = APICaller.swift; sourceTree = "<group>"; };
		C1AA4CE82B20D71A0052AFB7 /* HapticsManager.swift */ = {isa = PBXFileReference; lastKnownFileType = sourcecode.swift; path = HapticsManager.swift; sourceTree = "<group>"; };
		C1AA4CEA2B20D73D0052AFB7 /* Playlist.swift */ = {isa = PBXFileReference; lastKnownFileType = sourcecode.swift; path = Playlist.swift; sourceTree = "<group>"; };
		C1AA4CEC2B20D7490052AFB7 /* AudioTrack.swift */ = {isa = PBXFileReference; lastKnownFileType = sourcecode.swift; path = AudioTrack.swift; sourceTree = "<group>"; };
		C1AA4CEE2B20D7590052AFB7 /* Artist.swift */ = {isa = PBXFileReference; lastKnownFileType = sourcecode.swift; path = Artist.swift; sourceTree = "<group>"; };
		C1AA4CF02B20D76A0052AFB7 /* UserProfile.swift */ = {isa = PBXFileReference; lastKnownFileType = sourcecode.swift; path = UserProfile.swift; sourceTree = "<group>"; };
		C1AA4CF22B2137300052AFB7 /* Extensions.swift */ = {isa = PBXFileReference; lastKnownFileType = sourcecode.swift; path = Extensions.swift; sourceTree = "<group>"; };
/* End PBXFileReference section */

/* Begin PBXFrameworksBuildPhase section */
		C1AA4CAF2B20D14D0052AFB7 /* Frameworks */ = {
			isa = PBXFrameworksBuildPhase;
			buildActionMask = 2147483647;
			files = (
				9A671498263DF878FC2F6016 /* Pods_Spotify.framework in Frameworks */,
			);
			runOnlyForDeploymentPostprocessing = 0;
		};
/* End PBXFrameworksBuildPhase section */

/* Begin PBXGroup section */
		4A93F23A06CA31B81E550BED /* Frameworks */ = {
			isa = PBXGroup;
			children = (
				0AA09F42F5DFD15D4F0ABB92 /* Pods_Spotify.framework */,
			);
			name = Frameworks;
			sourceTree = "<group>";
		};
		C1382ABB2B25739F005508DA /* Browse */ = {
			isa = PBXGroup;
			children = (
				C1382ABE2B2573FE005508DA /* FeaturedPlaylistCollectionViewCell.swift */,
				C1382ABC2B2573D0005508DA /* NewReleaseCollectionViewCell.swift */,
				C1382AC02B257430005508DA /* RecommendedTrackCollectionViewCell.swift */,
			);
			path = Browse;
			sourceTree = "<group>";
		};
		C1382ACE2B25ABF6005508DA /* response */ = {
			isa = PBXGroup;
			children = (
				C1382ACC2B25A1E1005508DA /* AlbumDetailsResponse.swift */,
				C1382AB92B254E0E005508DA /* FeaturedPlaylistsResponse.swift */,
				C1382AB32B253E7C005508DA /* NewReleasesResponse.swift */,
				C1382AB72B254C05005508DA /* RecommendationsResponse.swift */,
				C1382AB52B254421005508DA /* RecommendedGenresResponse.swift */,
				C1382ACF2B25AC75005508DA /* PlaylistDetailsResponse.swift */,
			);
			path = response;
			sourceTree = "<group>";
		};
		C1AA4CA92B20D14D0052AFB7 = {
			isa = PBXGroup;
			children = (
				C1AA4CB42B20D14D0052AFB7 /* Spotify */,
				C1AA4CB32B20D14D0052AFB7 /* Products */,
				DEE89200A4BB0762DF4B917B /* Pods */,
				4A93F23A06CA31B81E550BED /* Frameworks */,
			);
			sourceTree = "<group>";
		};
		C1AA4CB32B20D14D0052AFB7 /* Products */ = {
			isa = PBXGroup;
			children = (
				C1AA4CB22B20D14D0052AFB7 /* Spotify.app */,
			);
			name = Products;
			sourceTree = "<group>";
		};
		C1AA4CB42B20D14D0052AFB7 /* Spotify */ = {
			isa = PBXGroup;
			children = (
				C1AA4CCE2B20D1AD0052AFB7 /* Resources */,
				C1AA4CCD2B20D1A00052AFB7 /* Managers */,
				C1AA4CCC2B20D1940052AFB7 /* ViewModels */,
				C1AA4CCB2B20D17E0052AFB7 /* Controllers */,
				C1AA4CCF2B20D20F0052AFB7 /* Views */,
				C1AA4CC92B20D16D0052AFB7 /* Models */,
				C1AA4CC32B20D14E0052AFB7 /* Info.plist */,
			);
			path = Spotify;
			sourceTree = "<group>";
		};
		C1AA4CC92B20D16D0052AFB7 /* Models */ = {
			isa = PBXGroup;
			children = (
				C1382ACE2B25ABF6005508DA /* response */,
				C1382AB12B253D23005508DA /* APIImage.swift */,
				C1AA4CEE2B20D7590052AFB7 /* Artist.swift */,
				C1AA4CEC2B20D7490052AFB7 /* AudioTrack.swift */,
				C1A04EA72B24875D0027F44B /* AuthResponse.swift */,
				C1AA4CEA2B20D73D0052AFB7 /* Playlist.swift */,
				C1A04EAB2B24F0C20027F44B /* SettingsModels.swift */,
				C1AA4CF02B20D76A0052AFB7 /* UserProfile.swift */,
				C120BE322B393B3D0092CF37 /* AllCategoriesResponse.swift */,
			);
			path = Models;
			sourceTree = "<group>";
		};
		C1AA4CCB2B20D17E0052AFB7 /* Controllers */ = {
			isa = PBXGroup;
			children = (
				C1AA4CD62B20D6010052AFB7 /* Core */,
				C1382ACA2B259D5E005508DA /* AlbumViewController.swift */,
				C1AA4CD72B20D61B0052AFB7 /* AuthViewController.swift */,
				C120BE362B3941760092CF37 /* CategoryViewController.swift */,
				C1AA4CDE2B20D66E0052AFB7 /* PlayerViewController.swift */,
				C1AA4CE02B20D67F0052AFB7 /* PlaylistViewController.swift */,
				C1A04EA92B24A0260027F44B /* ProfileViewController.swift */,
				C1AA4CE22B20D68F0052AFB7 /* SearchResultsViewController.swift */,
				C1AA4CDC2B20D6500052AFB7 /* SettingsViewController.swift */,
				C1AA4CD92B20D6370052AFB7 /* WelcomeViewController.swift */,
			);
			path = Controllers;
			sourceTree = "<group>";
		};
		C1AA4CCC2B20D1940052AFB7 /* ViewModels */ = {
			isa = PBXGroup;
			children = (
				C120BE2E2B3927640092CF37 /* AlbumCollectionViewCellViewModel.swift */,
				C120BE342B393EF40092CF37 /* CategoryCollectionViewCellViewModel.swift */,
				C1382AC22B257620005508DA /* NewReleasesCellViewModel.swift */,
				C1382AC42B258FB1005508DA /* FeaturedPlaylistCellViewModel.swift */,
				C1382AC62B258FF2005508DA /* RecommendedTrackCellViewModel.swift */,
				C1382AD32B25D1A6005508DA /* PlayerHeaderViewModel.swift */,
			);
			path = ViewModels;
			sourceTree = "<group>";
		};
		C1AA4CCD2B20D1A00052AFB7 /* Managers */ = {
			isa = PBXGroup;
			children = (
				C1AA4CE62B20D70C0052AFB7 /* APICaller.swift */,
				C1AA4CE42B20D6FB0052AFB7 /* AuthManager.swift */,
				C1AA4CE82B20D71A0052AFB7 /* HapticsManager.swift */,
			);
			path = Managers;
			sourceTree = "<group>";
		};
		C1AA4CCE2B20D1AD0052AFB7 /* Resources */ = {
			isa = PBXGroup;
			children = (
				C1AA4CB52B20D14D0052AFB7 /* AppDelegate.swift */,
				C1AA4CB72B20D14D0052AFB7 /* SceneDelegate.swift */,
				C1AA4CBE2B20D14E0052AFB7 /* Assets.xcassets */,
				C1AA4CF22B2137300052AFB7 /* Extensions.swift */,
			);
			path = Resources;
			sourceTree = "<group>";
		};
		C1AA4CCF2B20D20F0052AFB7 /* Views */ = {
			isa = PBXGroup;
			children = (
				C1382ABB2B25739F005508DA /* Browse */,
				C120BE2C2B3925ED0092CF37 /* AlbumTrackCollectionViewCell.swift */,
				C120BE302B3932E00092CF37 /* CategoryCollectionViewCell.swift */,
				C1AA4CC02B20D14E0052AFB7 /* LaunchScreen.storyboard */,
				C1382AD12B25C9D3005508DA /* PlaylistHeaderCollectionReusableView.swift */,
				C120BE2A2B38F4430092CF37 /* TitleHeaderCollectionReusableView.swift */,
			);
			path = Views;
			sourceTree = "<group>";
		};
		C1AA4CD62B20D6010052AFB7 /* Core */ = {
			isa = PBXGroup;
			children = (
				C1AA4CB92B20D14D0052AFB7 /* HomeViewController.swift */,
				C1AA4CD42B20D5E50052AFB7 /* LibraryViewController.swift */,
				C1AA4CD22B20D5C70052AFB7 /* SearchViewController.swift */,
				C1AA4CD02B20D59E0052AFB7 /* TabBarViewController.swift */,
			);
			path = Core;
			sourceTree = "<group>";
		};
		DEE89200A4BB0762DF4B917B /* Pods */ = {
			isa = PBXGroup;
			children = (
				C15A780FED5DF320BD38CF65 /* Pods-Spotify.debug.xcconfig */,
				533EFC03E5C383010C43092C /* Pods-Spotify.release.xcconfig */,
			);
			path = Pods;
			sourceTree = "<group>";
		};
/* End PBXGroup section */

/* Begin PBXNativeTarget section */
		C1AA4CB12B20D14D0052AFB7 /* Spotify */ = {
			isa = PBXNativeTarget;
			buildConfigurationList = C1AA4CC62B20D14E0052AFB7 /* Build configuration list for PBXNativeTarget "Spotify" */;
			buildPhases = (
				5296F14B28C094129371DD2A /* [CP] Check Pods Manifest.lock */,
				C1AA4CAE2B20D14D0052AFB7 /* Sources */,
				C1AA4CAF2B20D14D0052AFB7 /* Frameworks */,
				C1AA4CB02B20D14D0052AFB7 /* Resources */,
				DB7DBC54D3D080768A732B1C /* [CP] Embed Pods Frameworks */,
			);
			buildRules = (
			);
			dependencies = (
			);
			name = Spotify;
			productName = Spotify;
			productReference = C1AA4CB22B20D14D0052AFB7 /* Spotify.app */;
			productType = "com.apple.product-type.application";
		};
/* End PBXNativeTarget section */

/* Begin PBXProject section */
		C1AA4CAA2B20D14D0052AFB7 /* Project object */ = {
			isa = PBXProject;
			attributes = {
				BuildIndependentTargetsInParallel = 1;
				LastSwiftUpdateCheck = 1500;
				LastUpgradeCheck = 1500;
				TargetAttributes = {
					C1AA4CB12B20D14D0052AFB7 = {
						CreatedOnToolsVersion = 15.0.1;
					};
				};
			};
			buildConfigurationList = C1AA4CAD2B20D14D0052AFB7 /* Build configuration list for PBXProject "Spotify" */;
			compatibilityVersion = "Xcode 14.0";
			developmentRegion = en;
			hasScannedForEncodings = 0;
			knownRegions = (
				en,
				Base,
			);
			mainGroup = C1AA4CA92B20D14D0052AFB7;
			productRefGroup = C1AA4CB32B20D14D0052AFB7 /* Products */;
			projectDirPath = "";
			projectRoot = "";
			targets = (
				C1AA4CB12B20D14D0052AFB7 /* Spotify */,
			);
		};
/* End PBXProject section */

/* Begin PBXResourcesBuildPhase section */
		C1AA4CB02B20D14D0052AFB7 /* Resources */ = {
			isa = PBXResourcesBuildPhase;
			buildActionMask = 2147483647;
			files = (
				C1AA4CC22B20D14E0052AFB7 /* LaunchScreen.storyboard in Resources */,
				C1AA4CBF2B20D14E0052AFB7 /* Assets.xcassets in Resources */,
			);
			runOnlyForDeploymentPostprocessing = 0;
		};
/* End PBXResourcesBuildPhase section */

/* Begin PBXShellScriptBuildPhase section */
		5296F14B28C094129371DD2A /* [CP] Check Pods Manifest.lock */ = {
			isa = PBXShellScriptBuildPhase;
			buildActionMask = 2147483647;
			files = (
			);
			inputFileListPaths = (
			);
			inputPaths = (
				"${PODS_PODFILE_DIR_PATH}/Podfile.lock",
				"${PODS_ROOT}/Manifest.lock",
			);
			name = "[CP] Check Pods Manifest.lock";
			outputFileListPaths = (
			);
			outputPaths = (
				"$(DERIVED_FILE_DIR)/Pods-Spotify-checkManifestLockResult.txt",
			);
			runOnlyForDeploymentPostprocessing = 0;
			shellPath = /bin/sh;
			shellScript = "diff \"${PODS_PODFILE_DIR_PATH}/Podfile.lock\" \"${PODS_ROOT}/Manifest.lock\" > /dev/null\nif [ $? != 0 ] ; then\n    # print error to STDERR\n    echo \"error: The sandbox is not in sync with the Podfile.lock. Run 'pod install' or update your CocoaPods installation.\" >&2\n    exit 1\nfi\n# This output is used by Xcode 'outputs' to avoid re-running this script phase.\necho \"SUCCESS\" > \"${SCRIPT_OUTPUT_FILE_0}\"\n";
			showEnvVarsInLog = 0;
		};
		DB7DBC54D3D080768A732B1C /* [CP] Embed Pods Frameworks */ = {
			isa = PBXShellScriptBuildPhase;
			buildActionMask = 2147483647;
			files = (
			);
			inputFileListPaths = (
				"${PODS_ROOT}/Target Support Files/Pods-Spotify/Pods-Spotify-frameworks-${CONFIGURATION}-input-files.xcfilelist",
			);
			name = "[CP] Embed Pods Frameworks";
			outputFileListPaths = (
				"${PODS_ROOT}/Target Support Files/Pods-Spotify/Pods-Spotify-frameworks-${CONFIGURATION}-output-files.xcfilelist",
			);
			runOnlyForDeploymentPostprocessing = 0;
			shellPath = /bin/sh;
			shellScript = "\"${PODS_ROOT}/Target Support Files/Pods-Spotify/Pods-Spotify-frameworks.sh\"\n";
			showEnvVarsInLog = 0;
		};
/* End PBXShellScriptBuildPhase section */

/* Begin PBXSourcesBuildPhase section */
		C1AA4CAE2B20D14D0052AFB7 /* Sources */ = {
			isa = PBXSourcesBuildPhase;
			buildActionMask = 2147483647;
			files = (
				C1AA4CD32B20D5C70052AFB7 /* SearchViewController.swift in Sources */,
				C1382AD02B25AC75005508DA /* PlaylistDetailsResponse.swift in Sources */,
				C1AA4CDA2B20D6370052AFB7 /* WelcomeViewController.swift in Sources */,
				C1AA4CD12B20D59E0052AFB7 /* TabBarViewController.swift in Sources */,
				C1382AC32B257620005508DA /* NewReleasesCellViewModel.swift in Sources */,
				C120BE2F2B3927640092CF37 /* AlbumCollectionViewCellViewModel.swift in Sources */,
				C1382AC72B258FF2005508DA /* RecommendedTrackCellViewModel.swift in Sources */,
				C1AA4CE92B20D71A0052AFB7 /* HapticsManager.swift in Sources */,
				C120BE372B3941760092CF37 /* CategoryViewController.swift in Sources */,
				C120BE332B393B3D0092CF37 /* AllCategoriesResponse.swift in Sources */,
				C120BE352B393EF40092CF37 /* CategoryCollectionViewCellViewModel.swift in Sources */,
				C120BE2B2B38F4430092CF37 /* TitleHeaderCollectionReusableView.swift in Sources */,
				C1382ACB2B259D5E005508DA /* AlbumViewController.swift in Sources */,
				C1382AC52B258FB1005508DA /* FeaturedPlaylistCellViewModel.swift in Sources */,
				C1382AB22B253D23005508DA /* APIImage.swift in Sources */,
				C1A04EA82B24875D0027F44B /* AuthResponse.swift in Sources */,
				C1AA4CE72B20D70C0052AFB7 /* APICaller.swift in Sources */,
				C1382AB42B253E7C005508DA /* NewReleasesResponse.swift in Sources */,
				C1382AC12B257430005508DA /* RecommendedTrackCollectionViewCell.swift in Sources */,
				C1A04EAA2B24A0260027F44B /* ProfileViewController.swift in Sources */,
				C1AA4CE52B20D6FB0052AFB7 /* AuthManager.swift in Sources */,
				C120BE312B3932E00092CF37 /* CategoryCollectionViewCell.swift in Sources */,
				C1382ABA2B254E0E005508DA /* FeaturedPlaylistsResponse.swift in Sources */,
				C1AA4CBA2B20D14D0052AFB7 /* HomeViewController.swift in Sources */,
				C120BE2D2B3925ED0092CF37 /* AlbumTrackCollectionViewCell.swift in Sources */,
				C1AA4CED2B20D7490052AFB7 /* AudioTrack.swift in Sources */,
				C1AA4CD82B20D61B0052AFB7 /* AuthViewController.swift in Sources */,
				C1382ABD2B2573D0005508DA /* NewReleaseCollectionViewCell.swift in Sources */,
				C1AA4CB62B20D14D0052AFB7 /* AppDelegate.swift in Sources */,
				C1382ABF2B2573FE005508DA /* FeaturedPlaylistCollectionViewCell.swift in Sources */,
				C1AA4CD52B20D5E50052AFB7 /* LibraryViewController.swift in Sources */,
				C1AA4CE12B20D67F0052AFB7 /* PlaylistViewController.swift in Sources */,
				C1AA4CEF2B20D7590052AFB7 /* Artist.swift in Sources */,
				C1382AD22B25C9D3005508DA /* PlaylistHeaderCollectionReusableView.swift in Sources */,
				C1382AB82B254C05005508DA /* RecommendationsResponse.swift in Sources */,
				C1382AB62B254421005508DA /* RecommendedGenresResponse.swift in Sources */,
				C1AA4CEB2B20D73D0052AFB7 /* Playlist.swift in Sources */,
				C1AA4CF12B20D76A0052AFB7 /* UserProfile.swift in Sources */,
				C1A04EAC2B24F0C20027F44B /* SettingsModels.swift in Sources */,
				C1AA4CF32B2137300052AFB7 /* Extensions.swift in Sources */,
				C1382ACD2B25A1E1005508DA /* AlbumDetailsResponse.swift in Sources */,
				C1AA4CB82B20D14D0052AFB7 /* SceneDelegate.swift in Sources */,
				C1AA4CDD2B20D6500052AFB7 /* SettingsViewController.swift in Sources */,
				C1AA4CE32B20D68F0052AFB7 /* SearchResultsViewController.swift in Sources */,
				C1382AD42B25D1A6005508DA /* PlayerHeaderViewModel.swift in Sources */,
				C1AA4CDF2B20D66E0052AFB7 /* PlayerViewController.swift in Sources */,
			);
			runOnlyForDeploymentPostprocessing = 0;
		};
/* End PBXSourcesBuildPhase section */

/* Begin PBXVariantGroup section */
		C1AA4CC02B20D14E0052AFB7 /* LaunchScreen.storyboard */ = {
			isa = PBXVariantGroup;
			children = (
				C1AA4CC12B20D14E0052AFB7 /* Base */,
			);
			name = LaunchScreen.storyboard;
			sourceTree = "<group>";
		};
/* End PBXVariantGroup section */

/* Begin XCBuildConfiguration section */
		C1AA4CC42B20D14E0052AFB7 /* Debug */ = {
			isa = XCBuildConfiguration;
			buildSettings = {
				ALWAYS_SEARCH_USER_PATHS = NO;
				ASSETCATALOG_COMPILER_GENERATE_SWIFT_ASSET_SYMBOL_EXTENSIONS = YES;
				CLANG_ANALYZER_NONNULL = YES;
				CLANG_ANALYZER_NUMBER_OBJECT_CONVERSION = YES_AGGRESSIVE;
				CLANG_CXX_LANGUAGE_STANDARD = "gnu++20";
				CLANG_ENABLE_MODULES = YES;
				CLANG_ENABLE_OBJC_ARC = YES;
				CLANG_ENABLE_OBJC_WEAK = YES;
				CLANG_WARN_BLOCK_CAPTURE_AUTORELEASING = YES;
				CLANG_WARN_BOOL_CONVERSION = YES;
				CLANG_WARN_COMMA = YES;
				CLANG_WARN_CONSTANT_CONVERSION = YES;
				CLANG_WARN_DEPRECATED_OBJC_IMPLEMENTATIONS = YES;
				CLANG_WARN_DIRECT_OBJC_ISA_USAGE = YES_ERROR;
				CLANG_WARN_DOCUMENTATION_COMMENTS = YES;
				CLANG_WARN_EMPTY_BODY = YES;
				CLANG_WARN_ENUM_CONVERSION = YES;
				CLANG_WARN_INFINITE_RECURSION = YES;
				CLANG_WARN_INT_CONVERSION = YES;
				CLANG_WARN_NON_LITERAL_NULL_CONVERSION = YES;
				CLANG_WARN_OBJC_IMPLICIT_RETAIN_SELF = YES;
				CLANG_WARN_OBJC_LITERAL_CONVERSION = YES;
				CLANG_WARN_OBJC_ROOT_CLASS = YES_ERROR;
				CLANG_WARN_QUOTED_INCLUDE_IN_FRAMEWORK_HEADER = YES;
				CLANG_WARN_RANGE_LOOP_ANALYSIS = YES;
				CLANG_WARN_STRICT_PROTOTYPES = YES;
				CLANG_WARN_SUSPICIOUS_MOVE = YES;
				CLANG_WARN_UNGUARDED_AVAILABILITY = YES_AGGRESSIVE;
				CLANG_WARN_UNREACHABLE_CODE = YES;
				CLANG_WARN__DUPLICATE_METHOD_MATCH = YES;
				COPY_PHASE_STRIP = NO;
				DEBUG_INFORMATION_FORMAT = dwarf;
				ENABLE_STRICT_OBJC_MSGSEND = YES;
				ENABLE_TESTABILITY = YES;
				ENABLE_USER_SCRIPT_SANDBOXING = YES;
				GCC_C_LANGUAGE_STANDARD = gnu17;
				GCC_DYNAMIC_NO_PIC = NO;
				GCC_NO_COMMON_BLOCKS = YES;
				GCC_OPTIMIZATION_LEVEL = 0;
				GCC_PREPROCESSOR_DEFINITIONS = (
					"DEBUG=1",
					"$(inherited)",
				);
				GCC_WARN_64_TO_32_BIT_CONVERSION = YES;
				GCC_WARN_ABOUT_RETURN_TYPE = YES_ERROR;
				GCC_WARN_UNDECLARED_SELECTOR = YES;
				GCC_WARN_UNINITIALIZED_AUTOS = YES_AGGRESSIVE;
				GCC_WARN_UNUSED_FUNCTION = YES;
				GCC_WARN_UNUSED_VARIABLE = YES;
				IPHONEOS_DEPLOYMENT_TARGET = 17.0;
				LOCALIZATION_PREFERS_STRING_CATALOGS = YES;
				MTL_ENABLE_DEBUG_INFO = INCLUDE_SOURCE;
				MTL_FAST_MATH = YES;
				ONLY_ACTIVE_ARCH = YES;
				SDKROOT = iphoneos;
				SWIFT_ACTIVE_COMPILATION_CONDITIONS = "DEBUG $(inherited)";
				SWIFT_OPTIMIZATION_LEVEL = "-Onone";
			};
			name = Debug;
		};
		C1AA4CC52B20D14E0052AFB7 /* Release */ = {
			isa = XCBuildConfiguration;
			buildSettings = {
				ALWAYS_SEARCH_USER_PATHS = NO;
				ASSETCATALOG_COMPILER_GENERATE_SWIFT_ASSET_SYMBOL_EXTENSIONS = YES;
				CLANG_ANALYZER_NONNULL = YES;
				CLANG_ANALYZER_NUMBER_OBJECT_CONVERSION = YES_AGGRESSIVE;
				CLANG_CXX_LANGUAGE_STANDARD = "gnu++20";
				CLANG_ENABLE_MODULES = YES;
				CLANG_ENABLE_OBJC_ARC = YES;
				CLANG_ENABLE_OBJC_WEAK = YES;
				CLANG_WARN_BLOCK_CAPTURE_AUTORELEASING = YES;
				CLANG_WARN_BOOL_CONVERSION = YES;
				CLANG_WARN_COMMA = YES;
				CLANG_WARN_CONSTANT_CONVERSION = YES;
				CLANG_WARN_DEPRECATED_OBJC_IMPLEMENTATIONS = YES;
				CLANG_WARN_DIRECT_OBJC_ISA_USAGE = YES_ERROR;
				CLANG_WARN_DOCUMENTATION_COMMENTS = YES;
				CLANG_WARN_EMPTY_BODY = YES;
				CLANG_WARN_ENUM_CONVERSION = YES;
				CLANG_WARN_INFINITE_RECURSION = YES;
				CLANG_WARN_INT_CONVERSION = YES;
				CLANG_WARN_NON_LITERAL_NULL_CONVERSION = YES;
				CLANG_WARN_OBJC_IMPLICIT_RETAIN_SELF = YES;
				CLANG_WARN_OBJC_LITERAL_CONVERSION = YES;
				CLANG_WARN_OBJC_ROOT_CLASS = YES_ERROR;
				CLANG_WARN_QUOTED_INCLUDE_IN_FRAMEWORK_HEADER = YES;
				CLANG_WARN_RANGE_LOOP_ANALYSIS = YES;
				CLANG_WARN_STRICT_PROTOTYPES = YES;
				CLANG_WARN_SUSPICIOUS_MOVE = YES;
				CLANG_WARN_UNGUARDED_AVAILABILITY = YES_AGGRESSIVE;
				CLANG_WARN_UNREACHABLE_CODE = YES;
				CLANG_WARN__DUPLICATE_METHOD_MATCH = YES;
				COPY_PHASE_STRIP = NO;
				DEBUG_INFORMATION_FORMAT = "dwarf-with-dsym";
				ENABLE_NS_ASSERTIONS = NO;
				ENABLE_STRICT_OBJC_MSGSEND = YES;
				ENABLE_USER_SCRIPT_SANDBOXING = YES;
				GCC_C_LANGUAGE_STANDARD = gnu17;
				GCC_NO_COMMON_BLOCKS = YES;
				GCC_WARN_64_TO_32_BIT_CONVERSION = YES;
				GCC_WARN_ABOUT_RETURN_TYPE = YES_ERROR;
				GCC_WARN_UNDECLARED_SELECTOR = YES;
				GCC_WARN_UNINITIALIZED_AUTOS = YES_AGGRESSIVE;
				GCC_WARN_UNUSED_FUNCTION = YES;
				GCC_WARN_UNUSED_VARIABLE = YES;
				IPHONEOS_DEPLOYMENT_TARGET = 17.0;
				LOCALIZATION_PREFERS_STRING_CATALOGS = YES;
				MTL_ENABLE_DEBUG_INFO = NO;
				MTL_FAST_MATH = YES;
				SDKROOT = iphoneos;
				SWIFT_COMPILATION_MODE = wholemodule;
				VALIDATE_PRODUCT = YES;
			};
			name = Release;
		};
		C1AA4CC72B20D14E0052AFB7 /* Debug */ = {
			isa = XCBuildConfiguration;
			baseConfigurationReference = C15A780FED5DF320BD38CF65 /* Pods-Spotify.debug.xcconfig */;
			buildSettings = {
				ASSETCATALOG_COMPILER_APPICON_NAME = AppIcon;
				ASSETCATALOG_COMPILER_GLOBAL_ACCENT_COLOR_NAME = AccentColor;
				CODE_SIGN_STYLE = Automatic;
				CURRENT_PROJECT_VERSION = 1;
				ENABLE_USER_SCRIPT_SANDBOXING = NO;
				GENERATE_INFOPLIST_FILE = YES;
				INFOPLIST_FILE = Spotify/Info.plist;
				INFOPLIST_KEY_UIApplicationSupportsIndirectInputEvents = YES;
				INFOPLIST_KEY_UILaunchStoryboardName = LaunchScreen;
				INFOPLIST_KEY_UISupportedInterfaceOrientations_iPad = "UIInterfaceOrientationPortrait UIInterfaceOrientationPortraitUpsideDown UIInterfaceOrientationLandscapeLeft UIInterfaceOrientationLandscapeRight";
				INFOPLIST_KEY_UISupportedInterfaceOrientations_iPhone = "UIInterfaceOrientationPortrait UIInterfaceOrientationLandscapeLeft UIInterfaceOrientationLandscapeRight";
				IPHONEOS_DEPLOYMENT_TARGET = 14.0;
				LD_RUNPATH_SEARCH_PATHS = (
					"$(inherited)",
					"@executable_path/Frameworks",
				);
				MARKETING_VERSION = 1.0;
				PRODUCT_BUNDLE_IDENTIFIER = dev.kartika.Spotify;
				PRODUCT_NAME = "$(TARGET_NAME)";
				SWIFT_EMIT_LOC_STRINGS = YES;
				SWIFT_VERSION = 5.0;
				TARGETED_DEVICE_FAMILY = "1,2";
			};
			name = Debug;
		};
		C1AA4CC82B20D14E0052AFB7 /* Release */ = {
			isa = XCBuildConfiguration;
			baseConfigurationReference = 533EFC03E5C383010C43092C /* Pods-Spotify.release.xcconfig */;
			buildSettings = {
				ASSETCATALOG_COMPILER_APPICON_NAME = AppIcon;
				ASSETCATALOG_COMPILER_GLOBAL_ACCENT_COLOR_NAME = AccentColor;
				CODE_SIGN_STYLE = Automatic;
				CURRENT_PROJECT_VERSION = 1;
				ENABLE_USER_SCRIPT_SANDBOXING = NO;
				GENERATE_INFOPLIST_FILE = YES;
				INFOPLIST_FILE = Spotify/Info.plist;
				INFOPLIST_KEY_UIApplicationSupportsIndirectInputEvents = YES;
				INFOPLIST_KEY_UILaunchStoryboardName = LaunchScreen;
				INFOPLIST_KEY_UISupportedInterfaceOrientations_iPad = "UIInterfaceOrientationPortrait UIInterfaceOrientationPortraitUpsideDown UIInterfaceOrientationLandscapeLeft UIInterfaceOrientationLandscapeRight";
				INFOPLIST_KEY_UISupportedInterfaceOrientations_iPhone = "UIInterfaceOrientationPortrait UIInterfaceOrientationLandscapeLeft UIInterfaceOrientationLandscapeRight";
				IPHONEOS_DEPLOYMENT_TARGET = 14.0;
				LD_RUNPATH_SEARCH_PATHS = (
					"$(inherited)",
					"@executable_path/Frameworks",
				);
				MARKETING_VERSION = 1.0;
				PRODUCT_BUNDLE_IDENTIFIER = dev.kartika.Spotify;
				PRODUCT_NAME = "$(TARGET_NAME)";
				SWIFT_EMIT_LOC_STRINGS = YES;
				SWIFT_VERSION = 5.0;
				TARGETED_DEVICE_FAMILY = "1,2";
			};
			name = Release;
		};
/* End XCBuildConfiguration section */

/* Begin XCConfigurationList section */
		C1AA4CAD2B20D14D0052AFB7 /* Build configuration list for PBXProject "Spotify" */ = {
			isa = XCConfigurationList;
			buildConfigurations = (
				C1AA4CC42B20D14E0052AFB7 /* Debug */,
				C1AA4CC52B20D14E0052AFB7 /* Release */,
			);
			defaultConfigurationIsVisible = 0;
			defaultConfigurationName = Release;
		};
		C1AA4CC62B20D14E0052AFB7 /* Build configuration list for PBXNativeTarget "Spotify" */ = {
			isa = XCConfigurationList;
			buildConfigurations = (
				C1AA4CC72B20D14E0052AFB7 /* Debug */,
				C1AA4CC82B20D14E0052AFB7 /* Release */,
			);
			defaultConfigurationIsVisible = 0;
			defaultConfigurationName = Release;
		};
/* End XCConfigurationList section */
	};
	rootObject = C1AA4CAA2B20D14D0052AFB7 /* Project object */;
}
